
Microsoft Visual Studio Solution File, Format Version 12.00
# Visual Studio 15
VisualStudioVersion = 15.0.28010.2036
MinimumVisualStudioVersion = 10.0.40219.1
Project("{FAE04EC0-301F-11D3-BF4B-00C04F79EFBC}") = "NewsPortal", "NewsPortal\NewsPortal.csproj", "{38C6179F-299B-497C-93AB-AB08E9ECFC9E}"
EndProject
Global
	GlobalSection(SolutionConfigurationPlatforms) = preSolution
		Debug|Any CPU = Debug|Any CPU
		Release|Any CPU = Release|Any CPU
	EndGlobalSection
	GlobalSection(ProjectConfigurationPlatforms) = postSolution
		{38C6179F-299B-497C-93AB-AB08E9ECFC9E}.Debug|Any CPU.ActiveCfg = Debug|Any CPU
		{38C6179F-299B-497C-93AB-AB08E9ECFC9E}.Debug|Any CPU.Build.0 = Debug|Any CPU
		{38C6179F-299B-497C-93AB-AB08E9ECFC9E}.Release|Any CPU.ActiveCfg = Release|Any CPU
		{38C6179F-299B-497C-93AB-AB08E9ECFC9E}.Release|Any CPU.Build.0 = Release|Any CPU
	EndGlobalSection
	GlobalSection(SolutionProperties) = preSolution
		HideSolutionNode = FALSE
	EndGlobalSection
	GlobalSection(ExtensibilityGlobals) = postSolution
		SolutionGuid = {154FD145-EFC9-4C55-A252-20386A114294}
	EndGlobalSection
EndGlobal
